// !$*UTF8*$!
{
	archiveVersion = 1;
	classes = {
	};
	objectVersion = 50;
	objects = {

/* Begin PBXBuildFile section */
		6307312720A2EE56001DBC2F /* test.html in Resources */ = {isa = PBXBuildFile; fileRef = 6307312620A2EE56001DBC2F /* test.html */; };
		6337441B20B1E3C70060D758 /* UIWebViewController.swift in Sources */ = {isa = PBXBuildFile; fileRef = 6337441A20B1E3C70060D758 /* UIWebViewController.swift */; };
		638BC64820A2E74E00BAFC4A /* AppDelegate.swift in Sources */ = {isa = PBXBuildFile; fileRef = 638BC64720A2E74E00BAFC4A /* AppDelegate.swift */; };
		638BC64A20A2E74E00BAFC4A /* WKWebViewViewController.swift in Sources */ = {isa = PBXBuildFile; fileRef = 638BC64920A2E74E00BAFC4A /* WKWebViewViewController.swift */; };
		638BC64F20A2E75000BAFC4A /* Assets.xcassets in Resources */ = {isa = PBXBuildFile; fileRef = 638BC64E20A2E75000BAFC4A /* Assets.xcassets */; };
		638BC65220A2E75000BAFC4A /* LaunchScreen.storyboard in Resources */ = {isa = PBXBuildFile; fileRef = 638BC65020A2E75000BAFC4A /* LaunchScreen.storyboard */; };
		638BC65A20A2E7F300BAFC4A /* cv.pdf in Resources */ = {isa = PBXBuildFile; fileRef = 638BC65920A2E7F300BAFC4A /* cv.pdf */; };
		638BC65C20A2EA0F00BAFC4A /* FileDownloader.swift in Sources */ = {isa = PBXBuildFile; fileRef = 638BC65B20A2EA0F00BAFC4A /* FileDownloader.swift */; };
/* End PBXBuildFile section */

/* Begin PBXFileReference section */
		6307312620A2EE56001DBC2F /* test.html */ = {isa = PBXFileReference; fileEncoding = 4; lastKnownFileType = text.html; path = test.html; sourceTree = "<group>"; };
		6337441A20B1E3C70060D758 /* UIWebViewController.swift */ = {isa = PBXFileReference; lastKnownFileType = sourcecode.swift; path = UIWebViewController.swift; sourceTree = "<group>"; };
		638BC64420A2E74E00BAFC4A /* TestPreview.app */ = {isa = PBXFileReference; explicitFileType = wrapper.application; includeInIndex = 0; path = TestPreview.app; sourceTree = BUILT_PRODUCTS_DIR; };
		638BC64720A2E74E00BAFC4A /* AppDelegate.swift */ = {isa = PBXFileReference; lastKnownFileType = sourcecode.swift; path = AppDelegate.swift; sourceTree = "<group>"; };
		638BC64920A2E74E00BAFC4A /* WKWebViewViewController.swift */ = {isa = PBXFileReference; lastKnownFileType = sourcecode.swift; path = WKWebViewViewController.swift; sourceTree = "<group>"; };
		638BC64E20A2E75000BAFC4A /* Assets.xcassets */ = {isa = PBXFileReference; lastKnownFileType = folder.assetcatalog; path = Assets.xcassets; sourceTree = "<group>"; };
		638BC65120A2E75000BAFC4A /* Base */ = {isa = PBXFileReference; lastKnownFileType = file.storyboard; name = Base; path = Base.lproj/LaunchScreen.storyboard; sourceTree = "<group>"; };
		638BC65320A2E75000BAFC4A /* Info.plist */ = {isa = PBXFileReference; lastKnownFileType = text.plist.xml; path = Info.plist; sourceTree = "<group>"; };
		638BC65920A2E7F300BAFC4A /* cv.pdf */ = {isa = PBXFileReference; lastKnownFileType = image.pdf; path = cv.pdf; sourceTree = "<group>"; };
		638BC65B20A2EA0F00BAFC4A /* FileDownloader.swift */ = {isa = PBXFileReference; fileEncoding = 4; lastKnownFileType = sourcecode.swift; path = FileDownloader.swift; sourceTree = "<group>"; };
/* End PBXFileReference section */

/* Begin PBXFrameworksBuildPhase section */
		638BC64120A2E74E00BAFC4A /* Frameworks */ = {
			isa = PBXFrameworksBuildPhase;
			buildActionMask = 2147483647;
			files = (
			);
			runOnlyForDeploymentPostprocessing = 0;
		};
/* End PBXFrameworksBuildPhase section */

/* Begin PBXGroup section */
		638BC63B20A2E74E00BAFC4A = {
			isa = PBXGroup;
			children = (
				638BC64620A2E74E00BAFC4A /* TestPreview */,
				638BC64520A2E74E00BAFC4A /* Products */,
			);
			sourceTree = "<group>";
		};
		638BC64520A2E74E00BAFC4A /* Products */ = {
			isa = PBXGroup;
			children = (
				638BC64420A2E74E00BAFC4A /* TestPreview.app */,
			);
			name = Products;
			sourceTree = "<group>";
		};
		638BC64620A2E74E00BAFC4A /* TestPreview */ = {
			isa = PBXGroup;
			children = (
				638BC64720A2E74E00BAFC4A /* AppDelegate.swift */,
				638BC64920A2E74E00BAFC4A /* WKWebViewViewController.swift */,
				6337441A20B1E3C70060D758 /* UIWebViewController.swift */,
				638BC65B20A2EA0F00BAFC4A /* FileDownloader.swift */,
				638BC65920A2E7F300BAFC4A /* cv.pdf */,
				6307312620A2EE56001DBC2F /* test.html */,
				638BC64E20A2E75000BAFC4A /* Assets.xcassets */,
				638BC65020A2E75000BAFC4A /* LaunchScreen.storyboard */,
				638BC65320A2E75000BAFC4A /* Info.plist */,
			);
			path = TestPreview;
			sourceTree = "<group>";
		};
/* End PBXGroup section */

/* Begin PBXNativeTarget section */
		638BC64320A2E74E00BAFC4A /* TestPreview */ = {
			isa = PBXNativeTarget;
			buildConfigurationList = 638BC65620A2E75000BAFC4A /* Build configuration list for PBXNativeTarget "TestPreview" */;
			buildPhases = (
				638BC64020A2E74E00BAFC4A /* Sources */,
				638BC64120A2E74E00BAFC4A /* Frameworks */,
				638BC64220A2E74E00BAFC4A /* Resources */,
			);
			buildRules = (
			);
			dependencies = (
			);
			name = TestPreview;
			productName = TestPreview;
			productReference = 638BC64420A2E74E00BAFC4A /* TestPreview.app */;
			productType = "com.apple.product-type.application";
		};
/* End PBXNativeTarget section */

/* Begin PBXProject section */
		638BC63C20A2E74E00BAFC4A /* Project object */ = {
			isa = PBXProject;
			attributes = {
				LastSwiftUpdateCheck = 0930;
				LastUpgradeCheck = 0930;
				ORGANIZATIONNAME = fassko;
				TargetAttributes = {
					638BC64320A2E74E00BAFC4A = {
						CreatedOnToolsVersion = 9.3;
					};
				};
			};
			buildConfigurationList = 638BC63F20A2E74E00BAFC4A /* Build configuration list for PBXProject "TestPreview" */;
			compatibilityVersion = "Xcode 9.3";
			developmentRegion = en;
			hasScannedForEncodings = 0;
			knownRegions = (
				en,
				Base,
			);
			mainGroup = 638BC63B20A2E74E00BAFC4A;
			productRefGroup = 638BC64520A2E74E00BAFC4A /* Products */;
			projectDirPath = "";
			projectRoot = "";
			targets = (
				638BC64320A2E74E00BAFC4A /* TestPreview */,
			);
		};
/* End PBXProject section */

/* Begin PBXResourcesBuildPhase section */
		638BC64220A2E74E00BAFC4A /* Resources */ = {
			isa = PBXResourcesBuildPhase;
			buildActionMask = 2147483647;
			files = (
				638BC65A20A2E7F300BAFC4A /* cv.pdf in Resources */,
				638BC65220A2E75000BAFC4A /* LaunchScreen.storyboard in Resources */,
				638BC64F20A2E75000BAFC4A /* Assets.xcassets in Resources */,
				6307312720A2EE56001DBC2F /* test.html in Resources */,
			);
			runOnlyForDeploymentPostprocessing = 0;
		};
/* End PBXResourcesBuildPhase section */

/* Begin PBXSourcesBuildPhase section */
		638BC64020A2E74E00BAFC4A /* Sources */ = {
			isa = PBXSourcesBuildPhase;
			buildActionMask = 2147483647;
			files = (
				638BC65C20A2EA0F00BAFC4A /* FileDownloader.swift in Sources */,
				638BC64A20A2E74E00BAFC4A /* WKWebViewViewController.swift in Sources */,
				638BC64820A2E74E00BAFC4A /* AppDelegate.swift in Sources */,
				6337441B20B1E3C70060D758 /* UIWebViewController.swift in Sources */,
			);
			runOnlyForDeploymentPostprocessing = 0;
		};
/* End PBXSourcesBuildPhase section */

/* Begin PBXVariantGroup section */
		638BC65020A2E75000BAFC4A /* LaunchScreen.storyboard */ = {
			isa = PBXVariantGroup;
			children = (
				638BC65120A2E75000BAFC4A /* Base */,
			);
			name = LaunchScreen.storyboard;
			sourceTree = "<group>";
		};
/* End PBXVariantGroup section */

/* Begin XCBuildConfiguration section */
		638BC65420A2E75000BAFC4A /* Debug */ = {
			isa = XCBuildConfiguration;
			buildSettings = {
				ALWAYS_SEARCH_USER_PATHS = NO;
				CLANG_ANALYZER_NONNULL = YES;
				CLANG_ANALYZER_NUMBER_OBJECT_CONVERSION = YES_AGGRESSIVE;
				CLANG_CXX_LANGUAGE_STANDARD = "gnu++14";
				CLANG_CXX_LIBRARY = "libc++";
				CLANG_ENABLE_MODULES = YES;
				CLANG_ENABLE_OBJC_ARC = YES;
				CLANG_ENABLE_OBJC_WEAK = YES;
				CLANG_WARN_BLOCK_CAPTURE_AUTORELEASING = YES;
				CLANG_WARN_BOOL_CONVERSION = YES;
				CLANG_WARN_COMMA = YES;
				CLANG_WARN_CONSTANT_CONVERSION = YES;
				CLANG_WARN_DEPRECATED_OBJC_IMPLEMENTATIONS = YES;
				CLANG_WARN_DIRECT_OBJC_ISA_USAGE = YES_ERROR;
				CLANG_WARN_DOCUMENTATION_COMMENTS = YES;
				CLANG_WARN_EMPTY_BODY = YES;
				CLANG_WARN_ENUM_CONVERSION = YES;
				CLANG_WARN_INFINITE_RECURSION = YES;
				CLANG_WARN_INT_CONVERSION = YES;
				CLANG_WARN_NON_LITERAL_NULL_CONVERSION = YES;
				CLANG_WARN_OBJC_IMPLICIT_RETAIN_SELF = YES;
				CLANG_WARN_OBJC_LITERAL_CONVERSION = YES;
				CLANG_WARN_OBJC_ROOT_CLASS = YES_ERROR;
				CLANG_WARN_RANGE_LOOP_ANALYSIS = YES;
				CLANG_WARN_STRICT_PROTOTYPES = YES;
				CLANG_WARN_SUSPICIOUS_MOVE = YES;
				CLANG_WARN_UNGUARDED_AVAILABILITY = YES_AGGRESSIVE;
				CLANG_WARN_UNREACHABLE_CODE = YES;
				CLANG_WARN__DUPLICATE_METHOD_MATCH = YES;
				CODE_SIGN_IDENTITY = "iPhone Developer";
				COPY_PHASE_STRIP = NO;
				DEBUG_INFORMATION_FORMAT = dwarf;
				ENABLE_STRICT_OBJC_MSGSEND = YES;
				ENABLE_TESTABILITY = YES;
				GCC_C_LANGUAGE_STANDARD = gnu11;
				GCC_DYNAMIC_NO_PIC = NO;
				GCC_NO_COMMON_BLOCKS = YES;
				GCC_OPTIMIZATION_LEVEL = 0;
				GCC_PREPROCESSOR_DEFINITIONS = (
					"DEBUG=1",
					"$(inherited)",
				);
				GCC_WARN_64_TO_32_BIT_CONVERSION = YES;
				GCC_WARN_ABOUT_RETURN_TYPE = YES_ERROR;
				GCC_WARN_UNDECLARED_SELECTOR = YES;
				GCC_WARN_UNINITIALIZED_AUTOS = YES_AGGRESSIVE;
				GCC_WARN_UNUSED_FUNCTION = YES;
				GCC_WARN_UNUSED_VARIABLE = YES;
				IPHONEOS_DEPLOYMENT_TARGET = 11.3;
				MTL_ENABLE_DEBUG_INFO = YES;
				ONLY_ACTIVE_ARCH = YES;
				SDKROOT = iphoneos;
				SWIFT_ACTIVE_COMPILATION_CONDITIONS = DEBUG;
				SWIFT_OPTIMIZATION_LEVEL = "-Onone";
			};
			name = Debug;
		};
		638BC65520A2E75000BAFC4A /* Release */ = {
			isa = XCBuildConfiguration;
			buildSettings = {
				ALWAYS_SEARCH_USER_PATHS = NO;
				CLANG_ANALYZER_NONNULL = YES;
				CLANG_ANALYZER_NUMBER_OBJECT_CONVERSION = YES_AGGRESSIVE;
				CLANG_CXX_LANGUAGE_STANDARD = "gnu++14";
				CLANG_CXX_LIBRARY = "libc++";
				CLANG_ENABLE_MODULES = YES;
				CLANG_ENABLE_OBJC_ARC = YES;
				CLANG_ENABLE_OBJC_WEAK = YES;
				CLANG_WARN_BLOCK_CAPTURE_AUTORELEASING = YES;
				CLANG_WARN_BOOL_CONVERSION = YES;
				CLANG_WARN_COMMA = YES;
				CLANG_WARN_CONSTANT_CONVERSION = YES;
				CLANG_WARN_DEPRECATED_OBJC_IMPLEMENTATIONS = YES;
				CLANG_WARN_DIRECT_OBJC_ISA_USAGE = YES_ERROR;
				CLANG_WARN_DOCUMENTATION_COMMENTS = YES;
				CLANG_WARN_EMPTY_BODY = YES;
				CLANG_WARN_ENUM_CONVERSION = YES;
				CLANG_WARN_INFINITE_RECURSION = YES;
				CLANG_WARN_INT_CONVERSION = YES;
				CLANG_WARN_NON_LITERAL_NULL_CONVERSION = YES;
				CLANG_WARN_OBJC_IMPLICIT_RETAIN_SELF = YES;
				CLANG_WARN_OBJC_LITERAL_CONVERSION = YES;
				CLANG_WARN_OBJC_ROOT_CLASS = YES_ERROR;
				CLANG_WARN_RANGE_LOOP_ANALYSIS = YES;
				CLANG_WARN_STRICT_PROTOTYPES = YES;
				CLANG_WARN_SUSPICIOUS_MOVE = YES;
				CLANG_WARN_UNGUARDED_AVAILABILITY = YES_AGGRESSIVE;
				CLANG_WARN_UNREACHABLE_CODE = YES;
				CLANG_WARN__DUPLICATE_METHOD_MATCH = YES;
				CODE_SIGN_IDENTITY = "iPhone Developer";
				COPY_PHASE_STRIP = NO;
				DEBUG_INFORMATION_FORMAT = "dwarf-with-dsym";
				ENABLE_NS_ASSERTIONS = NO;
				ENABLE_STRICT_OBJC_MSGSEND = YES;
				GCC_C_LANGUAGE_STANDARD = gnu11;
				GCC_NO_COMMON_BLOCKS = YES;
				GCC_WARN_64_TO_32_BIT_CONVERSION = YES;
				GCC_WARN_ABOUT_RETURN_TYPE = YES_ERROR;
				GCC_WARN_UNDECLARED_SELECTOR = YES;
				GCC_WARN_UNINITIALIZED_AUTOS = YES_AGGRESSIVE;
				GCC_WARN_UNUSED_FUNCTION = YES;
				GCC_WARN_UNUSED_VARIABLE = YES;
				IPHONEOS_DEPLOYMENT_TARGET = 11.3;
				MTL_ENABLE_DEBUG_INFO = NO;
				SDKROOT = iphoneos;
				SWIFT_COMPILATION_MODE = wholemodule;
				SWIFT_OPTIMIZATION_LEVEL = "-O";
				VALIDATE_PRODUCT = YES;
			};
			name = Release;
		};
		638BC65720A2E75000BAFC4A /* Debug */ = {
			isa = XCBuildConfiguration;
			buildSettings = {
				ASSETCATALOG_COMPILER_APPICON_NAME = AppIcon;
				CODE_SIGN_STYLE = Automatic;
				DEVELOPMENT_TEAM = 3SGNZQGS68;
				INFOPLIST_FILE = TestPreview/Info.plist;
				LD_RUNPATH_SEARCH_PATHS = (
					"$(inherited)",
					"@executable_path/Frameworks",
				);
				PRODUCT_BUNDLE_IDENTIFIER = com.fassko.TestPreview;
				PRODUCT_NAME = "$(TARGET_NAME)";
				SWIFT_VERSION = 4.0;
				TARGETED_DEVICE_FAMILY = "1,2";
			};
			name = Debug;
		};
		638BC65820A2E75000BAFC4A /* Release */ = {
			isa = XCBuildConfiguration;
			buildSettings = {
				ASSETCATALOG_COMPILER_APPICON_NAME = AppIcon;
				CODE_SIGN_STYLE = Automatic;
				DEVELOPMENT_TEAM = 3SGNZQGS68;
				INFOPLIST_FILE = TestPreview/Info.plist;
				LD_RUNPATH_SEARCH_PATHS = (
					"$(inherited)",
					"@executable_path/Frameworks",
				);
				PRODUCT_BUNDLE_IDENTIFIER = com.fassko.TestPreview;
				PRODUCT_NAME = "$(TARGET_NAME)";
				SWIFT_VERSION = 4.0;
				TARGETED_DEVICE_FAMILY = "1,2";
			};
			name = Release;
		};
/* End XCBuildConfiguration section */

/* Begin XCConfigurationList section */
		638BC63F20A2E74E00BAFC4A /* Build configuration list for PBXProject "TestPreview" */ = {
			isa = XCConfigurationList;
			buildConfigurations = (
				638BC65420A2E75000BAFC4A /* Debug */,
				638BC65520A2E75000BAFC4A /* Release */,
			);
			defaultConfigurationIsVisible = 0;
			defaultConfigurationName = Release;
		};
		638BC65620A2E75000BAFC4A /* Build configuration list for PBXNativeTarget "TestPreview" */ = {
			isa = XCConfigurationList;
			buildConfigurations = (
				638BC65720A2E75000BAFC4A /* Debug */,
				638BC65820A2E75000BAFC4A /* Release */,
			);
			defaultConfigurationIsVisible = 0;
			defaultConfigurationName = Release;
		};
/* End XCConfigurationList section */
	};
	rootObject = 638BC63C20A2E74E00BAFC4A /* Project object */;
}
